
Microsoft Visual Studio Solution File, Format Version 12.00
# Visual Studio Version 17
VisualStudioVersion = 17.0.31903.59
MinimumVisualStudioVersion = 10.0.40219.1
Project("{FAE04EC0-301F-11D3-BF4B-00C04F79EFBC}") = "Solution", "Solution\Solution.csproj", "{AD5DC60A-296F-474E-B3DB-200717735AAF}"
EndProject
Project("{FAE04EC0-301F-11D3-BF4B-00C04F79EFBC}") = "SolutionTest", "SolutionTest\SolutionTest.csproj", "{687C9FD1-7356-42F8-B12B-A4D016FD612A}"
EndProject
Global
	GlobalSection(SolutionConfigurationPlatforms) = preSolution
		Debug|Any CPU = Debug|Any CPU
		Release|Any CPU = Release|Any CPU
	EndGlobalSection
	GlobalSection(SolutionProperties) = preSolution
		HideSolutionNode = FALSE
	EndGlobalSection
	GlobalSection(ProjectConfigurationPlatforms) = postSolution
		{AD5DC60A-296F-474E-B3DB-200717735AAF}.Debug|Any CPU.ActiveCfg = Debug|Any CPU
		{AD5DC60A-296F-474E-B3DB-200717735AAF}.Debug|Any CPU.Build.0 = Debug|Any CPU
		{AD5DC60A-296F-474E-B3DB-200717735AAF}.Release|Any CPU.ActiveCfg = Release|Any CPU
		{AD5DC60A-296F-474E-B3DB-200717735AAF}.Release|Any CPU.Build.0 = Release|Any CPU
		{687C9FD1-7356-42F8-B12B-A4D016FD612A}.Debug|Any CPU.ActiveCfg = Debug|Any CPU
		{687C9FD1-7356-42F8-B12B-A4D016FD612A}.Debug|Any CPU.Build.0 = Debug|Any CPU
		{687C9FD1-7356-42F8-B12B-A4D016FD612A}.Release|Any CPU.ActiveCfg = Release|Any CPU
		{687C9FD1-7356-42F8-B12B-A4D016FD612A}.Release|Any CPU.Build.0 = Release|Any CPU
	EndGlobalSection
EndGlobal
